
Microsoft Visual Studio Solution File, Format Version 12.00
# Visual Studio Version 16
VisualStudioVersion = 16.0.31702.278
MinimumVisualStudioVersion = 10.0.40219.1
Project("{FAE04EC0-301F-11D3-BF4B-00C04F79EFBC}") = "MoviePro", "MoviePro.csproj", "{AC8308E8-AF65-4ADC-8420-750B775BE873}"
EndProject
Global
	GlobalSection(SolutionConfigurationPlatforms) = preSolution
		Debug|Any CPU = Debug|Any CPU
		Release|Any CPU = Release|Any CPU
	EndGlobalSection
	GlobalSection(ProjectConfigurationPlatforms) = postSolution
		{AC8308E8-AF65-4ADC-8420-750B775BE873}.Debug|Any CPU.ActiveCfg = Debug|Any CPU
		{AC8308E8-AF65-4ADC-8420-750B775BE873}.Debug|Any CPU.Build.0 = Debug|Any CPU
		{AC8308E8-AF65-4ADC-8420-750B775BE873}.Release|Any CPU.ActiveCfg = Release|Any CPU
		{AC8308E8-AF65-4ADC-8420-750B775BE873}.Release|Any CPU.Build.0 = Release|Any CPU
	EndGlobalSection
	GlobalSection(SolutionProperties) = preSolution
		HideSolutionNode = FALSE
	EndGlobalSection
	GlobalSection(ExtensibilityGlobals) = postSolution
		SolutionGuid = {4653D7D0-2AFB-4D49-A8C3-C74C51A1ECB7}
	EndGlobalSection
EndGlobal
